
Microsoft Visual Studio Solution File, Format Version 12.00
# Visual Studio Version 17
VisualStudioVersion = 17.0.31612.314
MinimumVisualStudioVersion = 10.0.40219.1
Project("{9A19103F-16F7-4668-BE54-9A1E7A4F7556}") = "StrongGrid", "StrongGrid\StrongGrid.csproj", "{F4CEAECC-A03A-46C6-ACD5-18D1CD067624}"
EndProject
Project("{9A19103F-16F7-4668-BE54-9A1E7A4F7556}") = "StrongGrid.UnitTests", "StrongGrid.UnitTests\StrongGrid.UnitTests.csproj", "{570AEC9F-D4A9-497D-B464-7F440B2B7538}"
EndProject
Project("{9A19103F-16F7-4668-BE54-9A1E7A4F7556}") = "StrongGrid.IntegrationTests", "StrongGrid.IntegrationTests\StrongGrid.IntegrationTests.csproj", "{FAD1894F-C98B-479C-BCAB-A00E21DDB9C9}"
EndProject
Project("{9A19103F-16F7-4668-BE54-9A1E7A4F7556}") = "StrongGrid.Benchmark", "StrongGrid.Benchmark\StrongGrid.Benchmark.csproj", "{251D652A-F466-4DD3-B178-6FDFA0041044}"
EndProject
Global
	GlobalSection(SolutionConfigurationPlatforms) = preSolution
		Debug|Any CPU = Debug|Any CPU
		Release|Any CPU = Release|Any CPU
	EndGlobalSection
	GlobalSection(ProjectConfigurationPlatforms) = postSolution
		{F4CEAECC-A03A-46C6-ACD5-18D1CD067624}.Debug|Any CPU.ActiveCfg = Debug|Any CPU
		{F4CEAECC-A03A-46C6-ACD5-18D1CD067624}.Debug|Any CPU.Build.0 = Debug|Any CPU
		{F4CEAECC-A03A-46C6-ACD5-18D1CD067624}.Release|Any CPU.ActiveCfg = Release|Any CPU
		{F4CEAECC-A03A-46C6-ACD5-18D1CD067624}.Release|Any CPU.Build.0 = Release|Any CPU
		{570AEC9F-D4A9-497D-B464-7F440B2B7538}.Debug|Any CPU.ActiveCfg = Debug|Any CPU
		{570AEC9F-D4A9-497D-B464-7F440B2B7538}.Debug|Any CPU.Build.0 = Debug|Any CPU
		{570AEC9F-D4A9-497D-B464-7F440B2B7538}.Release|Any CPU.ActiveCfg = Release|Any CPU
		{570AEC9F-D4A9-497D-B464-7F440B2B7538}.Release|Any CPU.Build.0 = Release|Any CPU
		{FAD1894F-C98B-479C-BCAB-A00E21DDB9C9}.Debug|Any CPU.ActiveCfg = Debug|Any CPU
		{FAD1894F-C98B-479C-BCAB-A00E21DDB9C9}.Debug|Any CPU.Build.0 = Debug|Any CPU
		{FAD1894F-C98B-479C-BCAB-A00E21DDB9C9}.Release|Any CPU.ActiveCfg = Release|Any CPU
		{FAD1894F-C98B-479C-BCAB-A00E21DDB9C9}.Release|Any CPU.Build.0 = Release|Any CPU
		{251D652A-F466-4DD3-B178-6FDFA0041044}.Debug|Any CPU.ActiveCfg = Debug|Any CPU
		{251D652A-F466-4DD3-B178-6FDFA0041044}.Debug|Any CPU.Build.0 = Debug|Any CPU
		{251D652A-F466-4DD3-B178-6FDFA0041044}.Release|Any CPU.ActiveCfg = Release|Any CPU
		{251D652A-F466-4DD3-B178-6FDFA0041044}.Release|Any CPU.Build.0 = Release|Any CPU
	EndGlobalSection
	GlobalSection(SolutionProperties) = preSolution
		HideSolutionNode = FALSE
	EndGlobalSection
	GlobalSection(ExtensibilityGlobals) = postSolution
		SolutionGuid = {1252F224-2007-4494-A5F5-5761702DFE96}
	EndGlobalSection
EndGlobal
