
Microsoft Visual Studio Solution File, Format Version 12.00
# Visual Studio Version 16
VisualStudioVersion = 16.0.28803.202
MinimumVisualStudioVersion = 10.0.40219.1
Project("{9A19103F-16F7-4668-BE54-9A1E7A4F7556}") = "StrongGrid", "StrongGrid\StrongGrid.csproj", "{F4CEAECC-A03A-46C6-ACD5-18D1CD067624}"
EndProject
Project("{9A19103F-16F7-4668-BE54-9A1E7A4F7556}") = "StrongGrid.IntegrationTests", "StrongGrid.IntegrationTests\StrongGrid.IntegrationTests.csproj", "{818E076C-1700-4F0A-A83E-3BA6376D06B7}"
EndProject
Project("{9A19103F-16F7-4668-BE54-9A1E7A4F7556}") = "StrongGrid.UnitTests", "StrongGrid.UnitTests\StrongGrid.UnitTests.csproj", "{8C68D4FA-EE10-4E79-87F2-10A426224B9F}"
EndProject
Global
	GlobalSection(SolutionConfigurationPlatforms) = preSolution
		Debug|Any CPU = Debug|Any CPU
		Release|Any CPU = Release|Any CPU
	EndGlobalSection
	GlobalSection(ProjectConfigurationPlatforms) = postSolution
		{F4CEAECC-A03A-46C6-ACD5-18D1CD067624}.Debug|Any CPU.ActiveCfg = Debug|Any CPU
		{F4CEAECC-A03A-46C6-ACD5-18D1CD067624}.Debug|Any CPU.Build.0 = Debug|Any CPU
		{F4CEAECC-A03A-46C6-ACD5-18D1CD067624}.Release|Any CPU.ActiveCfg = Release|Any CPU
		{F4CEAECC-A03A-46C6-ACD5-18D1CD067624}.Release|Any CPU.Build.0 = Release|Any CPU
		{818E076C-1700-4F0A-A83E-3BA6376D06B7}.Debug|Any CPU.ActiveCfg = Debug|Any CPU
		{818E076C-1700-4F0A-A83E-3BA6376D06B7}.Debug|Any CPU.Build.0 = Debug|Any CPU
		{818E076C-1700-4F0A-A83E-3BA6376D06B7}.Release|Any CPU.ActiveCfg = Release|Any CPU
		{818E076C-1700-4F0A-A83E-3BA6376D06B7}.Release|Any CPU.Build.0 = Release|Any CPU
		{8C68D4FA-EE10-4E79-87F2-10A426224B9F}.Debug|Any CPU.ActiveCfg = Debug|Any CPU
		{8C68D4FA-EE10-4E79-87F2-10A426224B9F}.Debug|Any CPU.Build.0 = Debug|Any CPU
		{8C68D4FA-EE10-4E79-87F2-10A426224B9F}.Release|Any CPU.ActiveCfg = Release|Any CPU
		{8C68D4FA-EE10-4E79-87F2-10A426224B9F}.Release|Any CPU.Build.0 = Release|Any CPU
	EndGlobalSection
	GlobalSection(SolutionProperties) = preSolution
		HideSolutionNode = FALSE
	EndGlobalSection
	GlobalSection(ExtensibilityGlobals) = postSolution
		SolutionGuid = {1252F224-2007-4494-A5F5-5761702DFE96}
	EndGlobalSection
EndGlobal
