
Microsoft Visual Studio Solution File, Format Version 12.00
# Visual Studio 14
VisualStudioVersion = 14.0.25420.1
MinimumVisualStudioVersion = 10.0.40219.1
Project("{2150E333-8FDC-42A3-9474-1A3956D46DE8}") = "Source", "Source", "{7F08B680-E39D-4201-A60A-22814CA5ABF4}"
EndProject
Project("{2150E333-8FDC-42A3-9474-1A3956D46DE8}") = "Tests", "Tests", "{92D9174E-51D2-459A-9C8B-9BF12B3BDA63}"
EndProject
Project("{2150E333-8FDC-42A3-9474-1A3956D46DE8}") = "Solution Items", "Solution Items", "{B20829B3-95C8-4C19-8D98-640F4BF9237A}"
	ProjectSection(SolutionItems) = preProject
		..\build.cake = ..\build.cake
		..\LICENSE = ..\LICENSE
		..\README.md = ..\README.md
		..\nuspec\StrongGrid.nuspec = ..\nuspec\StrongGrid.nuspec
	EndProjectSection
EndProject
Project("{8BB2217D-0F2D-49D1-97BC-3654ED321F3B}") = "StrongGrid", "StrongGrid\StrongGrid.xproj", "{451E4044-7AE3-4982-8F53-6B86AB788557}"
EndProject
Project("{8BB2217D-0F2D-49D1-97BC-3654ED321F3B}") = "StrongGrid.IntegrationTests", "StrongGrid.IntegrationTests\StrongGrid.IntegrationTests.xproj", "{C23B65C7-343A-4A34-B889-CEB294124B34}"
EndProject
Project("{8BB2217D-0F2D-49D1-97BC-3654ED321F3B}") = "StrongGrid.UnitTests", "StrongGrid.UnitTests\StrongGrid.UnitTests.xproj", "{E2639AEA-5006-410D-9D4A-58DDD9F3F1E1}"
EndProject
Global
	GlobalSection(SolutionConfigurationPlatforms) = preSolution
		Debug|Any CPU = Debug|Any CPU
		Release|Any CPU = Release|Any CPU
	EndGlobalSection
	GlobalSection(ProjectConfigurationPlatforms) = postSolution
		{451E4044-7AE3-4982-8F53-6B86AB788557}.Debug|Any CPU.ActiveCfg = Debug|Any CPU
		{451E4044-7AE3-4982-8F53-6B86AB788557}.Debug|Any CPU.Build.0 = Debug|Any CPU
		{451E4044-7AE3-4982-8F53-6B86AB788557}.Release|Any CPU.ActiveCfg = Release|Any CPU
		{451E4044-7AE3-4982-8F53-6B86AB788557}.Release|Any CPU.Build.0 = Release|Any CPU
		{C23B65C7-343A-4A34-B889-CEB294124B34}.Debug|Any CPU.ActiveCfg = Debug|Any CPU
		{C23B65C7-343A-4A34-B889-CEB294124B34}.Debug|Any CPU.Build.0 = Debug|Any CPU
		{C23B65C7-343A-4A34-B889-CEB294124B34}.Release|Any CPU.ActiveCfg = Release|Any CPU
		{C23B65C7-343A-4A34-B889-CEB294124B34}.Release|Any CPU.Build.0 = Release|Any CPU
		{E2639AEA-5006-410D-9D4A-58DDD9F3F1E1}.Debug|Any CPU.ActiveCfg = Debug|Any CPU
		{E2639AEA-5006-410D-9D4A-58DDD9F3F1E1}.Debug|Any CPU.Build.0 = Debug|Any CPU
		{E2639AEA-5006-410D-9D4A-58DDD9F3F1E1}.Release|Any CPU.ActiveCfg = Release|Any CPU
		{E2639AEA-5006-410D-9D4A-58DDD9F3F1E1}.Release|Any CPU.Build.0 = Release|Any CPU
	EndGlobalSection
	GlobalSection(SolutionProperties) = preSolution
		HideSolutionNode = FALSE
	EndGlobalSection
	GlobalSection(NestedProjects) = preSolution
		{451E4044-7AE3-4982-8F53-6B86AB788557} = {7F08B680-E39D-4201-A60A-22814CA5ABF4}
		{C23B65C7-343A-4A34-B889-CEB294124B34} = {92D9174E-51D2-459A-9C8B-9BF12B3BDA63}
		{E2639AEA-5006-410D-9D4A-58DDD9F3F1E1} = {92D9174E-51D2-459A-9C8B-9BF12B3BDA63}
	EndGlobalSection
EndGlobal
